# @generated by Move, please check-in and do not edit manually.

[move]
version = 3
manifest_digest = "4AACC161C83321E1E4A71D9D852BD5A6354E64C431FAF58B734729686058DD1A"
deps_digest = "3C4103934B1E040BB6B23F1D610B4EF9F2F1166A50A104EADCF77467C004C600"
dependencies = [
  { id = "MoveStdlib", name = "MoveStdlib" },
  { id = "One", name = "One" },
]

[[move.package]]
id = "MoveStdlib"
source = { git = "https://github.com/one-chain-labs/onechain.git", rev = "main", subdir = "crates/sui-framework/packages/move-stdlib" }

[[move.package]]
id = "One"
source = { git = "https://github.com/one-chain-labs/onechain.git", rev = "main", subdir = "crates/sui-framework/packages/one-framework" }

dependencies = [
  { id = "MoveStdlib", name = "MoveStdlib" },
]

[move.toolchain-version]
compiler-version = "1.0.1"
edition = "2024.beta"
flavor = "one"

[env]

[env.testnet]
chain-id = "1bd5c965"
original-published-id = "0xc28ae5613b99c0f81c24f8f7f21f1be620456f438522d026f95edac8b3a547f0"
latest-published-id = "0xc28ae5613b99c0f81c24f8f7f21f1be620456f438522d026f95edac8b3a547f0"
published-version = "1"
